// !$*UTF8*$!
{
	archiveVersion = 1;
	classes = {
	};
	objectVersion = 50;
	objects = {

/* Begin PBXBuildFile section */
		C89477D22520C7A600CD4AF1 /* AppDelegate.swift in Sources */ = {isa = PBXBuildFile; fileRef = C89477D12520C7A600CD4AF1 /* AppDelegate.swift */; };
		C89477D42520C7A600CD4AF1 /* SceneDelegate.swift in Sources */ = {isa = PBXBuildFile; fileRef = C89477D32520C7A600CD4AF1 /* SceneDelegate.swift */; };
		C89477D72520C7A600CD4AF1 /* Side_menu_inSwiftUi.xcdatamodeld in Sources */ = {isa = PBXBuildFile; fileRef = C89477D52520C7A600CD4AF1 /* Side_menu_inSwiftUi.xcdatamodeld */; };
		C89477D92520C7A600CD4AF1 /* ContentView.swift in Sources */ = {isa = PBXBuildFile; fileRef = C89477D82520C7A600CD4AF1 /* ContentView.swift */; };
		C89477DB2520C7AE00CD4AF1 /* Assets.xcassets in Resources */ = {isa = PBXBuildFile; fileRef = C89477DA2520C7AE00CD4AF1 /* Assets.xcassets */; };
		C89477DE2520C7AE00CD4AF1 /* Preview Assets.xcassets in Resources */ = {isa = PBXBuildFile; fileRef = C89477DD2520C7AE00CD4AF1 /* Preview Assets.xcassets */; };
		C89477E12520C7AE00CD4AF1 /* LaunchScreen.storyboard in Resources */ = {isa = PBXBuildFile; fileRef = C89477DF2520C7AE00CD4AF1 /* LaunchScreen.storyboard */; };
/* End PBXBuildFile section */

/* Begin PBXFileReference section */
		C89477CE2520C7A600CD4AF1 /* Side menu inSwiftUi.app */ = {isa = PBXFileReference; explicitFileType = wrapper.application; includeInIndex = 0; path = "Side menu inSwiftUi.app"; sourceTree = BUILT_PRODUCTS_DIR; };
		C89477D12520C7A600CD4AF1 /* AppDelegate.swift */ = {isa = PBXFileReference; lastKnownFileType = sourcecode.swift; path = AppDelegate.swift; sourceTree = "<group>"; };
		C89477D32520C7A600CD4AF1 /* SceneDelegate.swift */ = {isa = PBXFileReference; lastKnownFileType = sourcecode.swift; path = SceneDelegate.swift; sourceTree = "<group>"; };
		C89477D62520C7A600CD4AF1 /* Side_menu_inSwiftUi.xcdatamodel */ = {isa = PBXFileReference; lastKnownFileType = wrapper.xcdatamodel; path = Side_menu_inSwiftUi.xcdatamodel; sourceTree = "<group>"; };
		C89477D82520C7A600CD4AF1 /* ContentView.swift */ = {isa = PBXFileReference; lastKnownFileType = sourcecode.swift; path = ContentView.swift; sourceTree = "<group>"; };
		C89477DA2520C7AE00CD4AF1 /* Assets.xcassets */ = {isa = PBXFileReference; lastKnownFileType = folder.assetcatalog; path = Assets.xcassets; sourceTree = "<group>"; };
		C89477DD2520C7AE00CD4AF1 /* Preview Assets.xcassets */ = {isa = PBXFileReference; lastKnownFileType = folder.assetcatalog; path = "Preview Assets.xcassets"; sourceTree = "<group>"; };
		C89477E02520C7AE00CD4AF1 /* Base */ = {isa = PBXFileReference; lastKnownFileType = file.storyboard; name = Base; path = Base.lproj/LaunchScreen.storyboard; sourceTree = "<group>"; };
		C89477E22520C7AE00CD4AF1 /* Info.plist */ = {isa = PBXFileReference; lastKnownFileType = text.plist.xml; path = Info.plist; sourceTree = "<group>"; };
/* End PBXFileReference section */

/* Begin PBXFrameworksBuildPhase section */
		C89477CB2520C7A600CD4AF1 /* Frameworks */ = {
			isa = PBXFrameworksBuildPhase;
			buildActionMask = 2147483647;
			files = (
			);
			runOnlyForDeploymentPostprocessing = 0;
		};
/* End PBXFrameworksBuildPhase section */

/* Begin PBXGroup section */
		C89477C52520C7A600CD4AF1 = {
			isa = PBXGroup;
			children = (
				C89477D02520C7A600CD4AF1 /* Side menu inSwiftUi */,
				C89477CF2520C7A600CD4AF1 /* Products */,
			);
			sourceTree = "<group>";
		};
		C89477CF2520C7A600CD4AF1 /* Products */ = {
			isa = PBXGroup;
			children = (
				C89477CE2520C7A600CD4AF1 /* Side menu inSwiftUi.app */,
			);
			name = Products;
			sourceTree = "<group>";
		};
		C89477D02520C7A600CD4AF1 /* Side menu inSwiftUi */ = {
			isa = PBXGroup;
			children = (
				C89477D12520C7A600CD4AF1 /* AppDelegate.swift */,
				C89477D32520C7A600CD4AF1 /* SceneDelegate.swift */,
				C89477D82520C7A600CD4AF1 /* ContentView.swift */,
				C89477DA2520C7AE00CD4AF1 /* Assets.xcassets */,
				C89477DF2520C7AE00CD4AF1 /* LaunchScreen.storyboard */,
				C89477E22520C7AE00CD4AF1 /* Info.plist */,
				C89477D52520C7A600CD4AF1 /* Side_menu_inSwiftUi.xcdatamodeld */,
				C89477DC2520C7AE00CD4AF1 /* Preview Content */,
			);
			path = "Side menu inSwiftUi";
			sourceTree = "<group>";
		};
		C89477DC2520C7AE00CD4AF1 /* Preview Content */ = {
			isa = PBXGroup;
			children = (
				C89477DD2520C7AE00CD4AF1 /* Preview Assets.xcassets */,
			);
			path = "Preview Content";
			sourceTree = "<group>";
		};
/* End PBXGroup section */

/* Begin PBXNativeTarget section */
		C89477CD2520C7A600CD4AF1 /* Side menu inSwiftUi */ = {
			isa = PBXNativeTarget;
			buildConfigurationList = C89477E52520C7AE00CD4AF1 /* Build configuration list for PBXNativeTarget "Side menu inSwiftUi" */;
			buildPhases = (
				C89477CA2520C7A600CD4AF1 /* Sources */,
				C89477CB2520C7A600CD4AF1 /* Frameworks */,
				C89477CC2520C7A600CD4AF1 /* Resources */,
			);
			buildRules = (
			);
			dependencies = (
			);
			name = "Side menu inSwiftUi";
			productName = "Side menu inSwiftUi";
			productReference = C89477CE2520C7A600CD4AF1 /* Side menu inSwiftUi.app */;
			productType = "com.apple.product-type.application";
		};
/* End PBXNativeTarget section */

/* Begin PBXProject section */
		C89477C62520C7A600CD4AF1 /* Project object */ = {
			isa = PBXProject;
			attributes = {
				LastSwiftUpdateCheck = 1170;
				LastUpgradeCheck = 1170;
				ORGANIZATIONNAME = Smilepls;
				TargetAttributes = {
					C89477CD2520C7A600CD4AF1 = {
						CreatedOnToolsVersion = 11.7;
					};
				};
			};
			buildConfigurationList = C89477C92520C7A600CD4AF1 /* Build configuration list for PBXProject "Side menu inSwiftUi" */;
			compatibilityVersion = "Xcode 9.3";
			developmentRegion = en;
			hasScannedForEncodings = 0;
			knownRegions = (
				en,
				Base,
			);
			mainGroup = C89477C52520C7A600CD4AF1;
			productRefGroup = C89477CF2520C7A600CD4AF1 /* Products */;
			projectDirPath = "";
			projectRoot = "";
			targets = (
				C89477CD2520C7A600CD4AF1 /* Side menu inSwiftUi */,
			);
		};
/* End PBXProject section */

/* Begin PBXResourcesBuildPhase section */
		C89477CC2520C7A600CD4AF1 /* Resources */ = {
			isa = PBXResourcesBuildPhase;
			buildActionMask = 2147483647;
			files = (
				C89477E12520C7AE00CD4AF1 /* LaunchScreen.storyboard in Resources */,
				C89477DE2520C7AE00CD4AF1 /* Preview Assets.xcassets in Resources */,
				C89477DB2520C7AE00CD4AF1 /* Assets.xcassets in Resources */,
			);
			runOnlyForDeploymentPostprocessing = 0;
		};
/* End PBXResourcesBuildPhase section */

/* Begin PBXSourcesBuildPhase section */
		C89477CA2520C7A600CD4AF1 /* Sources */ = {
			isa = PBXSourcesBuildPhase;
			buildActionMask = 2147483647;
			files = (
				C89477D22520C7A600CD4AF1 /* AppDelegate.swift in Sources */,
				C89477D42520C7A600CD4AF1 /* SceneDelegate.swift in Sources */,
				C89477D92520C7A600CD4AF1 /* ContentView.swift in Sources */,
				C89477D72520C7A600CD4AF1 /* Side_menu_inSwiftUi.xcdatamodeld in Sources */,
			);
			runOnlyForDeploymentPostprocessing = 0;
		};
/* End PBXSourcesBuildPhase section */

/* Begin PBXVariantGroup section */
		C89477DF2520C7AE00CD4AF1 /* LaunchScreen.storyboard */ = {
			isa = PBXVariantGroup;
			children = (
				C89477E02520C7AE00CD4AF1 /* Base */,
			);
			name = LaunchScreen.storyboard;
			sourceTree = "<group>";
		};
/* End PBXVariantGroup section */

/* Begin XCBuildConfiguration section */
		C89477E32520C7AE00CD4AF1 /* Debug */ = {
			isa = XCBuildConfiguration;
			buildSettings = {
				ALWAYS_SEARCH_USER_PATHS = NO;
				CLANG_ANALYZER_NONNULL = YES;
				CLANG_ANALYZER_NUMBER_OBJECT_CONVERSION = YES_AGGRESSIVE;
				CLANG_CXX_LANGUAGE_STANDARD = "gnu++14";
				CLANG_CXX_LIBRARY = "libc++";
				CLANG_ENABLE_MODULES = YES;
				CLANG_ENABLE_OBJC_ARC = YES;
				CLANG_ENABLE_OBJC_WEAK = YES;
				CLANG_WARN_BLOCK_CAPTURE_AUTORELEASING = YES;
				CLANG_WARN_BOOL_CONVERSION = YES;
				CLANG_WARN_COMMA = YES;
				CLANG_WARN_CONSTANT_CONVERSION = YES;
				CLANG_WARN_DEPRECATED_OBJC_IMPLEMENTATIONS = YES;
				CLANG_WARN_DIRECT_OBJC_ISA_USAGE = YES_ERROR;
				CLANG_WARN_DOCUMENTATION_COMMENTS = YES;
				CLANG_WARN_EMPTY_BODY = YES;
				CLANG_WARN_ENUM_CONVERSION = YES;
				CLANG_WARN_INFINITE_RECURSION = YES;
				CLANG_WARN_INT_CONVERSION = YES;
				CLANG_WARN_NON_LITERAL_NULL_CONVERSION = YES;
				CLANG_WARN_OBJC_IMPLICIT_RETAIN_SELF = YES;
				CLANG_WARN_OBJC_LITERAL_CONVERSION = YES;
				CLANG_WARN_OBJC_ROOT_CLASS = YES_ERROR;
				CLANG_WARN_RANGE_LOOP_ANALYSIS = YES;
				CLANG_WARN_STRICT_PROTOTYPES = YES;
				CLANG_WARN_SUSPICIOUS_MOVE = YES;
				CLANG_WARN_UNGUARDED_AVAILABILITY = YES_AGGRESSIVE;
				CLANG_WARN_UNREACHABLE_CODE = YES;
				CLANG_WARN__DUPLICATE_METHOD_MATCH = YES;
				COPY_PHASE_STRIP = NO;
				DEBUG_INFORMATION_FORMAT = dwarf;
				ENABLE_STRICT_OBJC_MSGSEND = YES;
				ENABLE_TESTABILITY = YES;
				GCC_C_LANGUAGE_STANDARD = gnu11;
				GCC_DYNAMIC_NO_PIC = NO;
				GCC_NO_COMMON_BLOCKS = YES;
				GCC_OPTIMIZATION_LEVEL = 0;
				GCC_PREPROCESSOR_DEFINITIONS = (
					"DEBUG=1",
					"$(inherited)",
				);
				GCC_WARN_64_TO_32_BIT_CONVERSION = YES;
				GCC_WARN_ABOUT_RETURN_TYPE = YES_ERROR;
				GCC_WARN_UNDECLARED_SELECTOR = YES;
				GCC_WARN_UNINITIALIZED_AUTOS = YES_AGGRESSIVE;
				GCC_WARN_UNUSED_FUNCTION = YES;
				GCC_WARN_UNUSED_VARIABLE = YES;
				IPHONEOS_DEPLOYMENT_TARGET = 13.7;
				MTL_ENABLE_DEBUG_INFO = INCLUDE_SOURCE;
				MTL_FAST_MATH = YES;
				ONLY_ACTIVE_ARCH = YES;
				SDKROOT = iphoneos;
				SWIFT_ACTIVE_COMPILATION_CONDITIONS = DEBUG;
				SWIFT_OPTIMIZATION_LEVEL = "-Onone";
			};
			name = Debug;
		};
		C89477E42520C7AE00CD4AF1 /* Release */ = {
			isa = XCBuildConfiguration;
			buildSettings = {
				ALWAYS_SEARCH_USER_PATHS = NO;
				CLANG_ANALYZER_NONNULL = YES;
				CLANG_ANALYZER_NUMBER_OBJECT_CONVERSION = YES_AGGRESSIVE;
				CLANG_CXX_LANGUAGE_STANDARD = "gnu++14";
				CLANG_CXX_LIBRARY = "libc++";
				CLANG_ENABLE_MODULES = YES;
				CLANG_ENABLE_OBJC_ARC = YES;
				CLANG_ENABLE_OBJC_WEAK = YES;
				CLANG_WARN_BLOCK_CAPTURE_AUTORELEASING = YES;
				CLANG_WARN_BOOL_CONVERSION = YES;
				CLANG_WARN_COMMA = YES;
				CLANG_WARN_CONSTANT_CONVERSION = YES;
				CLANG_WARN_DEPRECATED_OBJC_IMPLEMENTATIONS = YES;
				CLANG_WARN_DIRECT_OBJC_ISA_USAGE = YES_ERROR;
				CLANG_WARN_DOCUMENTATION_COMMENTS = YES;
				CLANG_WARN_EMPTY_BODY = YES;
				CLANG_WARN_ENUM_CONVERSION = YES;
				CLANG_WARN_INFINITE_RECURSION = YES;
				CLANG_WARN_INT_CONVERSION = YES;
				CLANG_WARN_NON_LITERAL_NULL_CONVERSION = YES;
				CLANG_WARN_OBJC_IMPLICIT_RETAIN_SELF = YES;
				CLANG_WARN_OBJC_LITERAL_CONVERSION = YES;
				CLANG_WARN_OBJC_ROOT_CLASS = YES_ERROR;
				CLANG_WARN_RANGE_LOOP_ANALYSIS = YES;
				CLANG_WARN_STRICT_PROTOTYPES = YES;
				CLANG_WARN_SUSPICIOUS_MOVE = YES;
				CLANG_WARN_UNGUARDED_AVAILABILITY = YES_AGGRESSIVE;
				CLANG_WARN_UNREACHABLE_CODE = YES;
				CLANG_WARN__DUPLICATE_METHOD_MATCH = YES;
				COPY_PHASE_STRIP = NO;
				DEBUG_INFORMATION_FORMAT = "dwarf-with-dsym";
				ENABLE_NS_ASSERTIONS = NO;
				ENABLE_STRICT_OBJC_MSGSEND = YES;
				GCC_C_LANGUAGE_STANDARD = gnu11;
				GCC_NO_COMMON_BLOCKS = YES;
				GCC_WARN_64_TO_32_BIT_CONVERSION = YES;
				GCC_WARN_ABOUT_RETURN_TYPE = YES_ERROR;
				GCC_WARN_UNDECLARED_SELECTOR = YES;
				GCC_WARN_UNINITIALIZED_AUTOS = YES_AGGRESSIVE;
				GCC_WARN_UNUSED_FUNCTION = YES;
				GCC_WARN_UNUSED_VARIABLE = YES;
				IPHONEOS_DEPLOYMENT_TARGET = 13.7;
				MTL_ENABLE_DEBUG_INFO = NO;
				MTL_FAST_MATH = YES;
				SDKROOT = iphoneos;
				SWIFT_COMPILATION_MODE = wholemodule;
				SWIFT_OPTIMIZATION_LEVEL = "-O";
				VALIDATE_PRODUCT = YES;
			};
			name = Release;
		};
		C89477E62520C7AE00CD4AF1 /* Debug */ = {
			isa = XCBuildConfiguration;
			buildSettings = {
				ASSETCATALOG_COMPILER_APPICON_NAME = AppIcon;
				CODE_SIGN_STYLE = Automatic;
				DEVELOPMENT_ASSET_PATHS = "\"Side menu inSwiftUi/Preview Content\"";
				ENABLE_PREVIEWS = YES;
				INFOPLIST_FILE = "Side menu inSwiftUi/Info.plist";
				LD_RUNPATH_SEARCH_PATHS = (
					"$(inherited)",
					"@executable_path/Frameworks",
				);
				PRODUCT_BUNDLE_IDENTIFIER = "com.Side-menu-inSwiftUi";
				PRODUCT_NAME = "$(TARGET_NAME)";
				SWIFT_VERSION = 5.0;
				TARGETED_DEVICE_FAMILY = "1,2";
			};
			name = Debug;
		};
		C89477E72520C7AE00CD4AF1 /* Release */ = {
			isa = XCBuildConfiguration;
			buildSettings = {
				ASSETCATALOG_COMPILER_APPICON_NAME = AppIcon;
				CODE_SIGN_STYLE = Automatic;
				DEVELOPMENT_ASSET_PATHS = "\"Side menu inSwiftUi/Preview Content\"";
				ENABLE_PREVIEWS = YES;
				INFOPLIST_FILE = "Side menu inSwiftUi/Info.plist";
				LD_RUNPATH_SEARCH_PATHS = (
					"$(inherited)",
					"@executable_path/Frameworks",
				);
				PRODUCT_BUNDLE_IDENTIFIER = "com.Side-menu-inSwiftUi";
				PRODUCT_NAME = "$(TARGET_NAME)";
				SWIFT_VERSION = 5.0;
				TARGETED_DEVICE_FAMILY = "1,2";
			};
			name = Release;
		};
/* End XCBuildConfiguration section */

/* Begin XCConfigurationList section */
		C89477C92520C7A600CD4AF1 /* Build configuration list for PBXProject "Side menu inSwiftUi" */ = {
			isa = XCConfigurationList;
			buildConfigurations = (
				C89477E32520C7AE00CD4AF1 /* Debug */,
				C89477E42520C7AE00CD4AF1 /* Release */,
			);
			defaultConfigurationIsVisible = 0;
			defaultConfigurationName = Release;
		};
		C89477E52520C7AE00CD4AF1 /* Build configuration list for PBXNativeTarget "Side menu inSwiftUi" */ = {
			isa = XCConfigurationList;
			buildConfigurations = (
				C89477E62520C7AE00CD4AF1 /* Debug */,
				C89477E72520C7AE00CD4AF1 /* Release */,
			);
			defaultConfigurationIsVisible = 0;
			defaultConfigurationName = Release;
		};
/* End XCConfigurationList section */

/* Begin XCVersionGroup section */
		C89477D52520C7A600CD4AF1 /* Side_menu_inSwiftUi.xcdatamodeld */ = {
			isa = XCVersionGroup;
			children = (
				C89477D62520C7A600CD4AF1 /* Side_menu_inSwiftUi.xcdatamodel */,
			);
			currentVersion = C89477D62520C7A600CD4AF1 /* Side_menu_inSwiftUi.xcdatamodel */;
			path = Side_menu_inSwiftUi.xcdatamodeld;
			sourceTree = "<group>";
			versionGroupType = wrapper.xcdatamodel;
		};
/* End XCVersionGroup section */
	};
	rootObject = C89477C62520C7A600CD4AF1 /* Project object */;
}
